
Microsoft Visual Studio Solution File, Format Version 12.00
# Visual Studio Version 17
VisualStudioVersion = 17.6.33815.320
MinimumVisualStudioVersion = 10.0.40219.1
Project("{FAE04EC0-301F-11D3-BF4B-00C04F79EFBC}") = "NotesMyProject", "NotesMyProject.csproj", "{1CD24315-D031-4799-AD20-516FA9301D60}"
EndProject
Global
	GlobalSection(SolutionConfigurationPlatforms) = preSolution
		Debug|Any CPU = Debug|Any CPU
		Release|Any CPU = Release|Any CPU
	EndGlobalSection
	GlobalSection(ProjectConfigurationPlatforms) = postSolution
		{1CD24315-D031-4799-AD20-516FA9301D60}.Debug|Any CPU.ActiveCfg = Debug|Any CPU
		{1CD24315-D031-4799-AD20-516FA9301D60}.Debug|Any CPU.Build.0 = Debug|Any CPU
		{1CD24315-D031-4799-AD20-516FA9301D60}.Release|Any CPU.ActiveCfg = Release|Any CPU
		{1CD24315-D031-4799-AD20-516FA9301D60}.Release|Any CPU.Build.0 = Release|Any CPU
	EndGlobalSection
	GlobalSection(SolutionProperties) = preSolution
		HideSolutionNode = FALSE
	EndGlobalSection
	GlobalSection(ExtensibilityGlobals) = postSolution
		SolutionGuid = {ADDE0EE4-315D-4122-BF52-C49D258C294A}
	EndGlobalSection
EndGlobal
